
Microsoft Visual Studio Solution File, Format Version 12.00
# Visual Studio Version 16
VisualStudioVersion = 16.0.33027.164
MinimumVisualStudioVersion = 10.0.40219.1
Project("{FAE04EC0-301F-11D3-BF4B-00C04F79EFBC}") = "Switch Statements", "Switch Statements\Switch Statements.csproj", "{2AC671AE-6081-4420-A69C-1B66C0465834}"
EndProject
Global
	GlobalSection(SolutionConfigurationPlatforms) = preSolution
		Debug|Any CPU = Debug|Any CPU
		Release|Any CPU = Release|Any CPU
	EndGlobalSection
	GlobalSection(ProjectConfigurationPlatforms) = postSolution
		{2AC671AE-6081-4420-A69C-1B66C0465834}.Debug|Any CPU.ActiveCfg = Debug|Any CPU
		{2AC671AE-6081-4420-A69C-1B66C0465834}.Debug|Any CPU.Build.0 = Debug|Any CPU
		{2AC671AE-6081-4420-A69C-1B66C0465834}.Release|Any CPU.ActiveCfg = Release|Any CPU
		{2AC671AE-6081-4420-A69C-1B66C0465834}.Release|Any CPU.Build.0 = Release|Any CPU
	EndGlobalSection
	GlobalSection(SolutionProperties) = preSolution
		HideSolutionNode = FALSE
	EndGlobalSection
	GlobalSection(ExtensibilityGlobals) = postSolution
		SolutionGuid = {323922D2-22F0-4E72-BC34-FA054EA4E983}
	EndGlobalSection
EndGlobal
