
Microsoft Visual Studio Solution File, Format Version 12.00
# Visual Studio Version 16
VisualStudioVersion = 16.0.33027.164
MinimumVisualStudioVersion = 10.0.40219.1
Project("{FAE04EC0-301F-11D3-BF4B-00C04F79EFBC}") = "Math and Comparison Operators Assignment", "Math and Comparison Operators Assignment\Math and Comparison Operators Assignment.csproj", "{83912A6E-22D9-4F61-9855-6DDB7C229C23}"
EndProject
Global
	GlobalSection(SolutionConfigurationPlatforms) = preSolution
		Debug|Any CPU = Debug|Any CPU
		Release|Any CPU = Release|Any CPU
	EndGlobalSection
	GlobalSection(ProjectConfigurationPlatforms) = postSolution
		{83912A6E-22D9-4F61-9855-6DDB7C229C23}.Debug|Any CPU.ActiveCfg = Debug|Any CPU
		{83912A6E-22D9-4F61-9855-6DDB7C229C23}.Debug|Any CPU.Build.0 = Debug|Any CPU
		{83912A6E-22D9-4F61-9855-6DDB7C229C23}.Release|Any CPU.ActiveCfg = Release|Any CPU
		{83912A6E-22D9-4F61-9855-6DDB7C229C23}.Release|Any CPU.Build.0 = Release|Any CPU
	EndGlobalSection
	GlobalSection(SolutionProperties) = preSolution
		HideSolutionNode = FALSE
	EndGlobalSection
	GlobalSection(ExtensibilityGlobals) = postSolution
		SolutionGuid = {3FC024DF-DBB1-4064-A988-FD43A4363ACB}
	EndGlobalSection
EndGlobal
